
Microsoft Visual Studio Solution File, Format Version 12.00
# Visual Studio Version 17
VisualStudioVersion = 17.10.35027.167
MinimumVisualStudioVersion = 10.0.40219.1
Project("{2150E333-8FDC-42A3-9474-1A3956D46DE8}") = "Services", "Services", "{360AAE65-528C-484F-8971-23847405E43C}"
EndProject
Project("{2150E333-8FDC-42A3-9474-1A3956D46DE8}") = "Catalog", "Catalog", "{C8086154-0310-4898-B772-F235883C4DF0}"
EndProject
Project("{FAE04EC0-301F-11D3-BF4B-00C04F79EFBC}") = "Catalog.API", "Services\Catalog\Catalog.API\Catalog.API.csproj", "{9950802F-9C43-4868-A2BF-962C70EE7AD1}"
EndProject
Project("{FAE04EC0-301F-11D3-BF4B-00C04F79EFBC}") = "Catalog.Application", "Services\Catalog\Catalog.Application\Catalog.Application.csproj", "{44648887-C6D0-473B-992F-30FC44B7DCC7}"
EndProject
Project("{FAE04EC0-301F-11D3-BF4B-00C04F79EFBC}") = "Catalog.Core", "Services\Catalog\Catalog.Core\Catalog.Core.csproj", "{EEC1D0A9-2780-4E14-A977-B27AD869229D}"
EndProject
Project("{FAE04EC0-301F-11D3-BF4B-00C04F79EFBC}") = "Catalog.Infrastructure", "Services\Catalog\Catalog.Infrastructure\Catalog.Infrastructure.csproj", "{39C114C8-3360-4169-BC4E-2167CD124553}"
EndProject
Project("{E53339B2-1760-4266-BCC7-CA923CBCF16C}") = "docker-compose", "docker-compose.dcproj", "{A4D127CD-1EF2-41CF-BA8B-A1C7C2A1E1A5}"
EndProject
Project("{2150E333-8FDC-42A3-9474-1A3956D46DE8}") = "Basket", "Basket", "{0C94DC39-DD49-42B6-BC95-8E6F69B838BA}"
EndProject
Project("{FAE04EC0-301F-11D3-BF4B-00C04F79EFBC}") = "Basket.API", "Services\Basket\Basket.Api\Basket.API.csproj", "{6305C78C-CCE7-4AF7-B3D0-53C4A965B830}"
EndProject
Project("{FAE04EC0-301F-11D3-BF4B-00C04F79EFBC}") = "Basket.Application", "Services\Basket\Basket.Application\Basket.Application.csproj", "{36238184-D168-49B9-9694-6B85FA027E48}"
EndProject
Project("{FAE04EC0-301F-11D3-BF4B-00C04F79EFBC}") = "Basket.Core", "Services\Basket\Basket.Core\Basket.Core.csproj", "{00FBD696-E8C3-4C67-A260-24D97DB9ADB2}"
EndProject
Project("{FAE04EC0-301F-11D3-BF4B-00C04F79EFBC}") = "Basket.Infrastructure", "Services\Basket\Basket.Infrastructure\Basket.Infrastructure.csproj", "{60046C7D-65F3-4CEB-A661-8151AF14AFC1}"
EndProject
Global
	GlobalSection(SolutionConfigurationPlatforms) = preSolution
		Debug|Any CPU = Debug|Any CPU
		Release|Any CPU = Release|Any CPU
	EndGlobalSection
	GlobalSection(ProjectConfigurationPlatforms) = postSolution
		{9950802F-9C43-4868-A2BF-962C70EE7AD1}.Debug|Any CPU.ActiveCfg = Debug|Any CPU
		{9950802F-9C43-4868-A2BF-962C70EE7AD1}.Debug|Any CPU.Build.0 = Debug|Any CPU
		{9950802F-9C43-4868-A2BF-962C70EE7AD1}.Release|Any CPU.ActiveCfg = Release|Any CPU
		{9950802F-9C43-4868-A2BF-962C70EE7AD1}.Release|Any CPU.Build.0 = Release|Any CPU
		{44648887-C6D0-473B-992F-30FC44B7DCC7}.Debug|Any CPU.ActiveCfg = Debug|Any CPU
		{44648887-C6D0-473B-992F-30FC44B7DCC7}.Debug|Any CPU.Build.0 = Debug|Any CPU
		{44648887-C6D0-473B-992F-30FC44B7DCC7}.Release|Any CPU.ActiveCfg = Release|Any CPU
		{44648887-C6D0-473B-992F-30FC44B7DCC7}.Release|Any CPU.Build.0 = Release|Any CPU
		{EEC1D0A9-2780-4E14-A977-B27AD869229D}.Debug|Any CPU.ActiveCfg = Debug|Any CPU
		{EEC1D0A9-2780-4E14-A977-B27AD869229D}.Debug|Any CPU.Build.0 = Debug|Any CPU
		{EEC1D0A9-2780-4E14-A977-B27AD869229D}.Release|Any CPU.ActiveCfg = Release|Any CPU
		{EEC1D0A9-2780-4E14-A977-B27AD869229D}.Release|Any CPU.Build.0 = Release|Any CPU
		{39C114C8-3360-4169-BC4E-2167CD124553}.Debug|Any CPU.ActiveCfg = Debug|Any CPU
		{39C114C8-3360-4169-BC4E-2167CD124553}.Debug|Any CPU.Build.0 = Debug|Any CPU
		{39C114C8-3360-4169-BC4E-2167CD124553}.Release|Any CPU.ActiveCfg = Release|Any CPU
		{39C114C8-3360-4169-BC4E-2167CD124553}.Release|Any CPU.Build.0 = Release|Any CPU
		{A4D127CD-1EF2-41CF-BA8B-A1C7C2A1E1A5}.Debug|Any CPU.ActiveCfg = Debug|Any CPU
		{A4D127CD-1EF2-41CF-BA8B-A1C7C2A1E1A5}.Debug|Any CPU.Build.0 = Debug|Any CPU
		{A4D127CD-1EF2-41CF-BA8B-A1C7C2A1E1A5}.Release|Any CPU.ActiveCfg = Release|Any CPU
		{A4D127CD-1EF2-41CF-BA8B-A1C7C2A1E1A5}.Release|Any CPU.Build.0 = Release|Any CPU
		{6305C78C-CCE7-4AF7-B3D0-53C4A965B830}.Debug|Any CPU.ActiveCfg = Debug|Any CPU
		{6305C78C-CCE7-4AF7-B3D0-53C4A965B830}.Debug|Any CPU.Build.0 = Debug|Any CPU
		{6305C78C-CCE7-4AF7-B3D0-53C4A965B830}.Release|Any CPU.ActiveCfg = Release|Any CPU
		{6305C78C-CCE7-4AF7-B3D0-53C4A965B830}.Release|Any CPU.Build.0 = Release|Any CPU
		{36238184-D168-49B9-9694-6B85FA027E48}.Debug|Any CPU.ActiveCfg = Debug|Any CPU
		{36238184-D168-49B9-9694-6B85FA027E48}.Debug|Any CPU.Build.0 = Debug|Any CPU
		{36238184-D168-49B9-9694-6B85FA027E48}.Release|Any CPU.ActiveCfg = Release|Any CPU
		{36238184-D168-49B9-9694-6B85FA027E48}.Release|Any CPU.Build.0 = Release|Any CPU
		{00FBD696-E8C3-4C67-A260-24D97DB9ADB2}.Debug|Any CPU.ActiveCfg = Debug|Any CPU
		{00FBD696-E8C3-4C67-A260-24D97DB9ADB2}.Debug|Any CPU.Build.0 = Debug|Any CPU
		{00FBD696-E8C3-4C67-A260-24D97DB9ADB2}.Release|Any CPU.ActiveCfg = Release|Any CPU
		{00FBD696-E8C3-4C67-A260-24D97DB9ADB2}.Release|Any CPU.Build.0 = Release|Any CPU
		{60046C7D-65F3-4CEB-A661-8151AF14AFC1}.Debug|Any CPU.ActiveCfg = Debug|Any CPU
		{60046C7D-65F3-4CEB-A661-8151AF14AFC1}.Debug|Any CPU.Build.0 = Debug|Any CPU
		{60046C7D-65F3-4CEB-A661-8151AF14AFC1}.Release|Any CPU.ActiveCfg = Release|Any CPU
		{60046C7D-65F3-4CEB-A661-8151AF14AFC1}.Release|Any CPU.Build.0 = Release|Any CPU
	EndGlobalSection
	GlobalSection(SolutionProperties) = preSolution
		HideSolutionNode = FALSE
	EndGlobalSection
	GlobalSection(NestedProjects) = preSolution
		{C8086154-0310-4898-B772-F235883C4DF0} = {360AAE65-528C-484F-8971-23847405E43C}
		{9950802F-9C43-4868-A2BF-962C70EE7AD1} = {C8086154-0310-4898-B772-F235883C4DF0}
		{44648887-C6D0-473B-992F-30FC44B7DCC7} = {C8086154-0310-4898-B772-F235883C4DF0}
		{EEC1D0A9-2780-4E14-A977-B27AD869229D} = {C8086154-0310-4898-B772-F235883C4DF0}
		{39C114C8-3360-4169-BC4E-2167CD124553} = {C8086154-0310-4898-B772-F235883C4DF0}
		{0C94DC39-DD49-42B6-BC95-8E6F69B838BA} = {360AAE65-528C-484F-8971-23847405E43C}
		{6305C78C-CCE7-4AF7-B3D0-53C4A965B830} = {0C94DC39-DD49-42B6-BC95-8E6F69B838BA}
		{36238184-D168-49B9-9694-6B85FA027E48} = {0C94DC39-DD49-42B6-BC95-8E6F69B838BA}
		{00FBD696-E8C3-4C67-A260-24D97DB9ADB2} = {0C94DC39-DD49-42B6-BC95-8E6F69B838BA}
		{60046C7D-65F3-4CEB-A661-8151AF14AFC1} = {0C94DC39-DD49-42B6-BC95-8E6F69B838BA}
	EndGlobalSection
	GlobalSection(ExtensibilityGlobals) = postSolution
		SolutionGuid = {27F83033-75BF-48AD-8961-CA5420887499}
	EndGlobalSection
EndGlobal
